
Microsoft Visual Studio Solution File, Format Version 12.00
# Visual Studio 15
VisualStudioVersion = 15.0.28307.421
MinimumVisualStudioVersion = 10.0.40219.1
Project("{888888A0-9F3D-457C-B088-3A5042F75D52}") = "L1", "L1\L1.pyproj", "{E0479D71-61F4-4AC7-91C1-FE3635FEF1E3}"
EndProject
Global
	GlobalSection(SolutionConfigurationPlatforms) = preSolution
		Debug|Any CPU = Debug|Any CPU
		Release|Any CPU = Release|Any CPU
	EndGlobalSection
	GlobalSection(ProjectConfigurationPlatforms) = postSolution
		{E0479D71-61F4-4AC7-91C1-FE3635FEF1E3}.Debug|Any CPU.ActiveCfg = Debug|Any CPU
		{E0479D71-61F4-4AC7-91C1-FE3635FEF1E3}.Release|Any CPU.ActiveCfg = Release|Any CPU
	EndGlobalSection
	GlobalSection(SolutionProperties) = preSolution
		HideSolutionNode = FALSE
	EndGlobalSection
	GlobalSection(ExtensibilityGlobals) = postSolution
		SolutionGuid = {F524B78E-74CD-4275-BCFC-B3B1BBA7E5ED}
	EndGlobalSection
EndGlobal
